
Microsoft Visual Studio Solution File, Format Version 12.00
# Visual Studio 14
VisualStudioVersion = 14.0.25420.1
MinimumVisualStudioVersion = 10.0.40219.1
Project("{8BC9CEB8-8B4A-11D0-8D11-00A0C91BC942}") = "Win32-50401", "Win32-50401\Win32-50401.vcxproj", "{FDF159F7-62CE-4A49-9B14-31E0C1F44A8B}"
EndProject
Project("{8BC9CEB8-8B4A-11D0-8D11-00A0C91BC942}") = "MFC50401", "MFC50401\MFC50401.vcxproj", "{02F38D5B-B455-4D20-8EF0-91B2D3A1B636}"
EndProject
Global
	GlobalSection(SolutionConfigurationPlatforms) = preSolution
		Debug|x64 = Debug|x64
		Debug|x86 = Debug|x86
		Release|x64 = Release|x64
		Release|x86 = Release|x86
	EndGlobalSection
	GlobalSection(ProjectConfigurationPlatforms) = postSolution
		{FDF159F7-62CE-4A49-9B14-31E0C1F44A8B}.Debug|x64.ActiveCfg = Debug|x64
		{FDF159F7-62CE-4A49-9B14-31E0C1F44A8B}.Debug|x64.Build.0 = Debug|x64
		{FDF159F7-62CE-4A49-9B14-31E0C1F44A8B}.Debug|x86.ActiveCfg = Debug|Win32
		{FDF159F7-62CE-4A49-9B14-31E0C1F44A8B}.Debug|x86.Build.0 = Debug|Win32
		{FDF159F7-62CE-4A49-9B14-31E0C1F44A8B}.Release|x64.ActiveCfg = Release|x64
		{FDF159F7-62CE-4A49-9B14-31E0C1F44A8B}.Release|x64.Build.0 = Release|x64
		{FDF159F7-62CE-4A49-9B14-31E0C1F44A8B}.Release|x86.ActiveCfg = Release|Win32
		{FDF159F7-62CE-4A49-9B14-31E0C1F44A8B}.Release|x86.Build.0 = Release|Win32
		{02F38D5B-B455-4D20-8EF0-91B2D3A1B636}.Debug|x64.ActiveCfg = Debug|x64
		{02F38D5B-B455-4D20-8EF0-91B2D3A1B636}.Debug|x64.Build.0 = Debug|x64
		{02F38D5B-B455-4D20-8EF0-91B2D3A1B636}.Debug|x86.ActiveCfg = Debug|Win32
		{02F38D5B-B455-4D20-8EF0-91B2D3A1B636}.Debug|x86.Build.0 = Debug|Win32
		{02F38D5B-B455-4D20-8EF0-91B2D3A1B636}.Release|x64.ActiveCfg = Release|x64
		{02F38D5B-B455-4D20-8EF0-91B2D3A1B636}.Release|x64.Build.0 = Release|x64
		{02F38D5B-B455-4D20-8EF0-91B2D3A1B636}.Release|x86.ActiveCfg = Release|Win32
		{02F38D5B-B455-4D20-8EF0-91B2D3A1B636}.Release|x86.Build.0 = Release|Win32
	EndGlobalSection
	GlobalSection(SolutionProperties) = preSolution
		HideSolutionNode = FALSE
	EndGlobalSection
EndGlobal
